
Microsoft Visual Studio Solution File, Format Version 12.00
# Visual Studio 15
VisualStudioVersion = 15.0.28307.1972
MinimumVisualStudioVersion = 10.0.40219.1
Project("{FAE04EC0-301F-11D3-BF4B-00C04F79EFBC}") = "EjPacientes", "EjPacientes\EjPacientes.csproj", "{ADC3912B-9660-49FE-BEE7-091DD17A7B85}"
EndProject
Global
	GlobalSection(SolutionConfigurationPlatforms) = preSolution
		Debug|Any CPU = Debug|Any CPU
		Release|Any CPU = Release|Any CPU
	EndGlobalSection
	GlobalSection(ProjectConfigurationPlatforms) = postSolution
		{ADC3912B-9660-49FE-BEE7-091DD17A7B85}.Debug|Any CPU.ActiveCfg = Debug|Any CPU
		{ADC3912B-9660-49FE-BEE7-091DD17A7B85}.Debug|Any CPU.Build.0 = Debug|Any CPU
		{ADC3912B-9660-49FE-BEE7-091DD17A7B85}.Release|Any CPU.ActiveCfg = Release|Any CPU
		{ADC3912B-9660-49FE-BEE7-091DD17A7B85}.Release|Any CPU.Build.0 = Release|Any CPU
	EndGlobalSection
	GlobalSection(SolutionProperties) = preSolution
		HideSolutionNode = FALSE
	EndGlobalSection
	GlobalSection(ExtensibilityGlobals) = postSolution
		SolutionGuid = {08C32A19-DF92-4214-86EC-4AA9F620B525}
	EndGlobalSection
EndGlobal
