
Microsoft Visual Studio Solution File, Format Version 12.00
# Visual Studio Version 17
VisualStudioVersion = 17.4.33205.214
MinimumVisualStudioVersion = 10.0.40219.1
Project("{FAE04EC0-301F-11D3-BF4B-00C04F79EFBC}") = "Tiempo", "Tiempo\Tiempo.csproj", "{04867854-026A-4995-A980-5A844BE7C247}"
EndProject
Global
	GlobalSection(SolutionConfigurationPlatforms) = preSolution
		Debug|Any CPU = Debug|Any CPU
		Release|Any CPU = Release|Any CPU
	EndGlobalSection
	GlobalSection(ProjectConfigurationPlatforms) = postSolution
		{04867854-026A-4995-A980-5A844BE7C247}.Debug|Any CPU.ActiveCfg = Debug|Any CPU
		{04867854-026A-4995-A980-5A844BE7C247}.Debug|Any CPU.Build.0 = Debug|Any CPU
		{04867854-026A-4995-A980-5A844BE7C247}.Release|Any CPU.ActiveCfg = Release|Any CPU
		{04867854-026A-4995-A980-5A844BE7C247}.Release|Any CPU.Build.0 = Release|Any CPU
	EndGlobalSection
	GlobalSection(SolutionProperties) = preSolution
		HideSolutionNode = FALSE
	EndGlobalSection
	GlobalSection(ExtensibilityGlobals) = postSolution
		SolutionGuid = {4A9067D1-F516-48F3-8601-B58E73171DD1}
	EndGlobalSection
EndGlobal
