
Microsoft Visual Studio Solution File, Format Version 12.00
# Visual Studio Version 17
VisualStudioVersion = 17.4.33205.214
MinimumVisualStudioVersion = 10.0.40219.1
Project("{FAE04EC0-301F-11D3-BF4B-00C04F79EFBC}") = "EjercicioClase7ConCLaseCliente", "EjercicioClase7ConCLaseCliente\EjercicioClase7ConCLaseCliente.csproj", "{7D78BD6F-3B18-41CC-BA86-8E4D326B2367}"
EndProject
Global
	GlobalSection(SolutionConfigurationPlatforms) = preSolution
		Debug|Any CPU = Debug|Any CPU
		Release|Any CPU = Release|Any CPU
	EndGlobalSection
	GlobalSection(ProjectConfigurationPlatforms) = postSolution
		{7D78BD6F-3B18-41CC-BA86-8E4D326B2367}.Debug|Any CPU.ActiveCfg = Debug|Any CPU
		{7D78BD6F-3B18-41CC-BA86-8E4D326B2367}.Debug|Any CPU.Build.0 = Debug|Any CPU
		{7D78BD6F-3B18-41CC-BA86-8E4D326B2367}.Release|Any CPU.ActiveCfg = Release|Any CPU
		{7D78BD6F-3B18-41CC-BA86-8E4D326B2367}.Release|Any CPU.Build.0 = Release|Any CPU
	EndGlobalSection
	GlobalSection(SolutionProperties) = preSolution
		HideSolutionNode = FALSE
	EndGlobalSection
	GlobalSection(ExtensibilityGlobals) = postSolution
		SolutionGuid = {09D9D3D2-C642-471F-BE34-C4D87569D8A8}
	EndGlobalSection
EndGlobal
